
Microsoft Visual Studio Solution File, Format Version 12.00
# Visual Studio Version 17
VisualStudioVersion = 17.2.32616.157
MinimumVisualStudioVersion = 10.0.40219.1
Project("{FAE04EC0-301F-11D3-BF4B-00C04F79EFBC}") = "DAT602_TileWars_XanderC_2023", "DAT602_TileWars_XanderC_2023\DAT602_TileWars_XanderC_2023.csproj", "{B56414A2-799D-4969-9809-3ED1EF523117}"
EndProject
Global
	GlobalSection(SolutionConfigurationPlatforms) = preSolution
		Debug|Any CPU = Debug|Any CPU
		Release|Any CPU = Release|Any CPU
	EndGlobalSection
	GlobalSection(ProjectConfigurationPlatforms) = postSolution
		{B56414A2-799D-4969-9809-3ED1EF523117}.Debug|Any CPU.ActiveCfg = Debug|Any CPU
		{B56414A2-799D-4969-9809-3ED1EF523117}.Debug|Any CPU.Build.0 = Debug|Any CPU
		{B56414A2-799D-4969-9809-3ED1EF523117}.Release|Any CPU.ActiveCfg = Release|Any CPU
		{B56414A2-799D-4969-9809-3ED1EF523117}.Release|Any CPU.Build.0 = Release|Any CPU
	EndGlobalSection
	GlobalSection(SolutionProperties) = preSolution
		HideSolutionNode = FALSE
	EndGlobalSection
	GlobalSection(ExtensibilityGlobals) = postSolution
		SolutionGuid = {F10D09DC-4BAA-4ED6-81F1-A656C2384186}
	EndGlobalSection
EndGlobal
